
Microsoft Visual Studio Solution File, Format Version 12.00
# Visual Studio Version 17
VisualStudioVersion = 17.11.35312.102
MinimumVisualStudioVersion = 10.0.40219.1
Project("{FAE04EC0-301F-11D3-BF4B-00C04F79EFBC}") = "InvControl.Server", "InvControl\Server\InvControl.Server.csproj", "{B60CE7D7-796D-47B7-BC72-E8AC14444FEC}"
EndProject
Project("{FAE04EC0-301F-11D3-BF4B-00C04F79EFBC}") = "InvControl.Client", "InvControl\Client\InvControl.Client.csproj", "{F91C34E7-609D-4281-8DF6-9677D66925B2}"
EndProject
Project("{FAE04EC0-301F-11D3-BF4B-00C04F79EFBC}") = "InvControl.Shared", "InvControl\Shared\InvControl.Shared.csproj", "{468F7E1C-ACB1-4724-B19A-EB5041D74702}"
EndProject
Global
	GlobalSection(SolutionConfigurationPlatforms) = preSolution
		Debug|Any CPU = Debug|Any CPU
		Release|Any CPU = Release|Any CPU
	EndGlobalSection
	GlobalSection(ProjectConfigurationPlatforms) = postSolution
		{B60CE7D7-796D-47B7-BC72-E8AC14444FEC}.Debug|Any CPU.ActiveCfg = Debug|Any CPU
		{B60CE7D7-796D-47B7-BC72-E8AC14444FEC}.Debug|Any CPU.Build.0 = Debug|Any CPU
		{B60CE7D7-796D-47B7-BC72-E8AC14444FEC}.Release|Any CPU.ActiveCfg = Release|Any CPU
		{B60CE7D7-796D-47B7-BC72-E8AC14444FEC}.Release|Any CPU.Build.0 = Release|Any CPU
		{F91C34E7-609D-4281-8DF6-9677D66925B2}.Debug|Any CPU.ActiveCfg = Debug|Any CPU
		{F91C34E7-609D-4281-8DF6-9677D66925B2}.Debug|Any CPU.Build.0 = Debug|Any CPU
		{F91C34E7-609D-4281-8DF6-9677D66925B2}.Release|Any CPU.ActiveCfg = Release|Any CPU
		{F91C34E7-609D-4281-8DF6-9677D66925B2}.Release|Any CPU.Build.0 = Release|Any CPU
		{468F7E1C-ACB1-4724-B19A-EB5041D74702}.Debug|Any CPU.ActiveCfg = Debug|Any CPU
		{468F7E1C-ACB1-4724-B19A-EB5041D74702}.Debug|Any CPU.Build.0 = Debug|Any CPU
		{468F7E1C-ACB1-4724-B19A-EB5041D74702}.Release|Any CPU.ActiveCfg = Release|Any CPU
		{468F7E1C-ACB1-4724-B19A-EB5041D74702}.Release|Any CPU.Build.0 = Release|Any CPU
	EndGlobalSection
	GlobalSection(SolutionProperties) = preSolution
		HideSolutionNode = FALSE
	EndGlobalSection
	GlobalSection(ExtensibilityGlobals) = postSolution
		SolutionGuid = {A5874B0C-81FC-4EC6-ADC7-BCC0B13CFB2A}
	EndGlobalSection
EndGlobal
